
Microsoft Visual Studio Solution File, Format Version 12.00
# Visual Studio Version 17
VisualStudioVersion = 17.9.34728.123
MinimumVisualStudioVersion = 10.0.40219.1
Project("{FAE04EC0-301F-11D3-BF4B-00C04F79EFBC}") = "LoanManagementSystem", "LoanManagementSystem\LoanManagementSystem.csproj", "{5ECB9A1C-29AA-46F7-8619-E08BD9B6CEF5}"
EndProject
Global
	GlobalSection(SolutionConfigurationPlatforms) = preSolution
		Debug|Any CPU = Debug|Any CPU
		Release|Any CPU = Release|Any CPU
	EndGlobalSection
	GlobalSection(ProjectConfigurationPlatforms) = postSolution
		{5ECB9A1C-29AA-46F7-8619-E08BD9B6CEF5}.Debug|Any CPU.ActiveCfg = Debug|Any CPU
		{5ECB9A1C-29AA-46F7-8619-E08BD9B6CEF5}.Debug|Any CPU.Build.0 = Debug|Any CPU
		{5ECB9A1C-29AA-46F7-8619-E08BD9B6CEF5}.Release|Any CPU.ActiveCfg = Release|Any CPU
		{5ECB9A1C-29AA-46F7-8619-E08BD9B6CEF5}.Release|Any CPU.Build.0 = Release|Any CPU
	EndGlobalSection
	GlobalSection(SolutionProperties) = preSolution
		HideSolutionNode = FALSE
	EndGlobalSection
	GlobalSection(ExtensibilityGlobals) = postSolution
		SolutionGuid = {FDAEB776-67ED-4121-AD9B-4A05FFA7D4E5}
	EndGlobalSection
EndGlobal
